
Microsoft Visual Studio Solution File, Format Version 11.00
# Visual Studio 2010
Project("{FAE04EC0-301F-11D3-BF4B-00C04F79EFBC}") = "MappingSearch", "MappingSearch\MappingSearch.csproj", "{55859007-79C9-4010-BBDA-4AE44E90A95E}"
EndProject
Global
	GlobalSection(SolutionConfigurationPlatforms) = preSolution
		Debug|Any CPU = Debug|Any CPU
		Release|Any CPU = Release|Any CPU
	EndGlobalSection
	GlobalSection(ProjectConfigurationPlatforms) = postSolution
		{55859007-79C9-4010-BBDA-4AE44E90A95E}.Debug|Any CPU.ActiveCfg = Debug|Any CPU
		{55859007-79C9-4010-BBDA-4AE44E90A95E}.Debug|Any CPU.Build.0 = Debug|Any CPU
		{55859007-79C9-4010-BBDA-4AE44E90A95E}.Release|Any CPU.ActiveCfg = Release|Any CPU
		{55859007-79C9-4010-BBDA-4AE44E90A95E}.Release|Any CPU.Build.0 = Release|Any CPU
	EndGlobalSection
	GlobalSection(SolutionProperties) = preSolution
		HideSolutionNode = FALSE
	EndGlobalSection
EndGlobal
